
Microsoft Visual Studio Solution File, Format Version 12.00
# Visual Studio Version 17
VisualStudioVersion = 17.0.31903.59
MinimumVisualStudioVersion = 10.0.40219.1
Project("{FAE04EC0-301F-11D3-BF4B-00C04F79EFBC}") = "API", "API\API.csproj", "{B958F350-831D-4FF2-9AC3-32321EE615C7}"
EndProject
Project("{FAE04EC0-301F-11D3-BF4B-00C04F79EFBC}") = "Core", "Core\Core.csproj", "{45B8AAC3-138E-499C-905A-6391A39E938E}"
EndProject
Project("{FAE04EC0-301F-11D3-BF4B-00C04F79EFBC}") = "Infrastructure", "Infrastructure\Infrastructure.csproj", "{104E6E4E-BF2F-401D-B21C-8155C60FEFE0}"
EndProject
Global
	GlobalSection(SolutionConfigurationPlatforms) = preSolution
		Debug|Any CPU = Debug|Any CPU
		Release|Any CPU = Release|Any CPU
	EndGlobalSection
	GlobalSection(SolutionProperties) = preSolution
		HideSolutionNode = FALSE
	EndGlobalSection
	GlobalSection(ProjectConfigurationPlatforms) = postSolution
		{B958F350-831D-4FF2-9AC3-32321EE615C7}.Debug|Any CPU.ActiveCfg = Debug|Any CPU
		{B958F350-831D-4FF2-9AC3-32321EE615C7}.Debug|Any CPU.Build.0 = Debug|Any CPU
		{B958F350-831D-4FF2-9AC3-32321EE615C7}.Release|Any CPU.ActiveCfg = Release|Any CPU
		{B958F350-831D-4FF2-9AC3-32321EE615C7}.Release|Any CPU.Build.0 = Release|Any CPU
		{45B8AAC3-138E-499C-905A-6391A39E938E}.Debug|Any CPU.ActiveCfg = Debug|Any CPU
		{45B8AAC3-138E-499C-905A-6391A39E938E}.Debug|Any CPU.Build.0 = Debug|Any CPU
		{45B8AAC3-138E-499C-905A-6391A39E938E}.Release|Any CPU.ActiveCfg = Release|Any CPU
		{45B8AAC3-138E-499C-905A-6391A39E938E}.Release|Any CPU.Build.0 = Release|Any CPU
		{104E6E4E-BF2F-401D-B21C-8155C60FEFE0}.Debug|Any CPU.ActiveCfg = Debug|Any CPU
		{104E6E4E-BF2F-401D-B21C-8155C60FEFE0}.Debug|Any CPU.Build.0 = Debug|Any CPU
		{104E6E4E-BF2F-401D-B21C-8155C60FEFE0}.Release|Any CPU.ActiveCfg = Release|Any CPU
		{104E6E4E-BF2F-401D-B21C-8155C60FEFE0}.Release|Any CPU.Build.0 = Release|Any CPU
	EndGlobalSection
EndGlobal
